
Microsoft Visual Studio Solution File, Format Version 12.00
# Visual Studio 15
VisualStudioVersion = 15.0.27130.2027
MinimumVisualStudioVersion = 10.0.40219.1
Project("{FAE04EC0-301F-11D3-BF4B-00C04F79EFBC}") = "PusulaRAC", "PusulaRAC\PusulaRAC.csproj", "{CA3F062D-CC29-4F46-8C07-AA643BC6B948}"
EndProject
Global
	GlobalSection(SolutionConfigurationPlatforms) = preSolution
		Debug|Any CPU = Debug|Any CPU
		Release|Any CPU = Release|Any CPU
	EndGlobalSection
	GlobalSection(ProjectConfigurationPlatforms) = postSolution
		{CA3F062D-CC29-4F46-8C07-AA643BC6B948}.Debug|Any CPU.ActiveCfg = Debug|Any CPU
		{CA3F062D-CC29-4F46-8C07-AA643BC6B948}.Debug|Any CPU.Build.0 = Debug|Any CPU
		{CA3F062D-CC29-4F46-8C07-AA643BC6B948}.Release|Any CPU.ActiveCfg = Release|Any CPU
		{CA3F062D-CC29-4F46-8C07-AA643BC6B948}.Release|Any CPU.Build.0 = Release|Any CPU
	EndGlobalSection
	GlobalSection(SolutionProperties) = preSolution
		HideSolutionNode = FALSE
	EndGlobalSection
	GlobalSection(ExtensibilityGlobals) = postSolution
		SolutionGuid = {CC7029E0-7874-48E7-9298-1F12858DD451}
	EndGlobalSection
EndGlobal
